// !$*UTF8*$!
{
	archiveVersion = 1;
	classes = {
	};
	objectVersion = 46;
	objects = {

/* Begin PBXBuildFile section */
		6CA338411AF163B70069D550 /* AppDelegate.swift in Sources */ = {isa = PBXBuildFile; fileRef = 6CA338401AF163B70069D550 /* AppDelegate.swift */; };
		6CA338431AF163B70069D550 /* ViewController.swift in Sources */ = {isa = PBXBuildFile; fileRef = 6CA338421AF163B70069D550 /* ViewController.swift */; };
		6CA338481AF163B70069D550 /* Images.xcassets in Resources */ = {isa = PBXBuildFile; fileRef = 6CA338471AF163B70069D550 /* Images.xcassets */; };
		6CA3384B1AF163B70069D550 /* LaunchScreen.xib in Resources */ = {isa = PBXBuildFile; fileRef = 6CA338491AF163B70069D550 /* LaunchScreen.xib */; };
		6CA338571AF163B70069D550 /* ExampleTests.swift in Sources */ = {isa = PBXBuildFile; fileRef = 6CA338561AF163B70069D550 /* ExampleTests.swift */; };
		6CA3386A1AF16C550069D550 /* View.swift in Sources */ = {isa = PBXBuildFile; fileRef = 6CA338691AF16C550069D550 /* View.swift */; };
		6CA338701AF16F370069D550 /* Restraint.framework in Frameworks */ = {isa = PBXBuildFile; fileRef = 6CA338661AF164E50069D550 /* Restraint.framework */; };
		6CA338711AF16F370069D550 /* Restraint.framework in Embed Frameworks */ = {isa = PBXBuildFile; fileRef = 6CA338661AF164E50069D550 /* Restraint.framework */; settings = {ATTRIBUTES = (CodeSignOnCopy, RemoveHeadersOnCopy, ); }; };
/* End PBXBuildFile section */

/* Begin PBXContainerItemProxy section */
		6CA338511AF163B70069D550 /* PBXContainerItemProxy */ = {
			isa = PBXContainerItemProxy;
			containerPortal = 6CA338331AF163B70069D550 /* Project object */;
			proxyType = 1;
			remoteGlobalIDString = 6CA3383A1AF163B70069D550;
			remoteInfo = Example;
		};
		6CA338651AF164E50069D550 /* PBXContainerItemProxy */ = {
			isa = PBXContainerItemProxy;
			containerPortal = 6CA338601AF164E50069D550 /* Restraint.xcodeproj */;
			proxyType = 2;
			remoteGlobalIDString = 6CA338141AF163170069D550;
			remoteInfo = Restraint;
		};
		6CA338671AF164E50069D550 /* PBXContainerItemProxy */ = {
			isa = PBXContainerItemProxy;
			containerPortal = 6CA338601AF164E50069D550 /* Restraint.xcodeproj */;
			proxyType = 2;
			remoteGlobalIDString = 6CA3381F1AF163170069D550;
			remoteInfo = RestraintTests;
		};
		6CA338721AF16F370069D550 /* PBXContainerItemProxy */ = {
			isa = PBXContainerItemProxy;
			containerPortal = 6CA338601AF164E50069D550 /* Restraint.xcodeproj */;
			proxyType = 1;
			remoteGlobalIDString = 6CA338131AF163170069D550;
			remoteInfo = Restraint;
		};
/* End PBXContainerItemProxy section */

/* Begin PBXCopyFilesBuildPhase section */
		6CA338741AF16F370069D550 /* Embed Frameworks */ = {
			isa = PBXCopyFilesBuildPhase;
			buildActionMask = 2147483647;
			dstPath = "";
			dstSubfolderSpec = 10;
			files = (
				6CA338711AF16F370069D550 /* Restraint.framework in Embed Frameworks */,
			);
			name = "Embed Frameworks";
			runOnlyForDeploymentPostprocessing = 0;
		};
/* End PBXCopyFilesBuildPhase section */

/* Begin PBXFileReference section */
		6CA3383B1AF163B70069D550 /* Example.app */ = {isa = PBXFileReference; explicitFileType = wrapper.application; includeInIndex = 0; path = Example.app; sourceTree = BUILT_PRODUCTS_DIR; };
		6CA3383F1AF163B70069D550 /* Info.plist */ = {isa = PBXFileReference; lastKnownFileType = text.plist.xml; path = Info.plist; sourceTree = "<group>"; };
		6CA338401AF163B70069D550 /* AppDelegate.swift */ = {isa = PBXFileReference; lastKnownFileType = sourcecode.swift; path = AppDelegate.swift; sourceTree = "<group>"; };
		6CA338421AF163B70069D550 /* ViewController.swift */ = {isa = PBXFileReference; lastKnownFileType = sourcecode.swift; path = ViewController.swift; sourceTree = "<group>"; };
		6CA338471AF163B70069D550 /* Images.xcassets */ = {isa = PBXFileReference; lastKnownFileType = folder.assetcatalog; path = Images.xcassets; sourceTree = "<group>"; };
		6CA3384A1AF163B70069D550 /* Base */ = {isa = PBXFileReference; lastKnownFileType = file.xib; name = Base; path = Base.lproj/LaunchScreen.xib; sourceTree = "<group>"; };
		6CA338501AF163B70069D550 /* ExampleTests.xctest */ = {isa = PBXFileReference; explicitFileType = wrapper.cfbundle; includeInIndex = 0; path = ExampleTests.xctest; sourceTree = BUILT_PRODUCTS_DIR; };
		6CA338551AF163B70069D550 /* Info.plist */ = {isa = PBXFileReference; lastKnownFileType = text.plist.xml; path = Info.plist; sourceTree = "<group>"; };
		6CA338561AF163B70069D550 /* ExampleTests.swift */ = {isa = PBXFileReference; lastKnownFileType = sourcecode.swift; path = ExampleTests.swift; sourceTree = "<group>"; };
		6CA338601AF164E50069D550 /* Restraint.xcodeproj */ = {isa = PBXFileReference; lastKnownFileType = "wrapper.pb-project"; name = Restraint.xcodeproj; path = ../Restraint.xcodeproj; sourceTree = "<group>"; };
		6CA338691AF16C550069D550 /* View.swift */ = {isa = PBXFileReference; fileEncoding = 4; lastKnownFileType = sourcecode.swift; path = View.swift; sourceTree = "<group>"; };
/* End PBXFileReference section */

/* Begin PBXFrameworksBuildPhase section */
		6CA338381AF163B70069D550 /* Frameworks */ = {
			isa = PBXFrameworksBuildPhase;
			buildActionMask = 2147483647;
			files = (
				6CA338701AF16F370069D550 /* Restraint.framework in Frameworks */,
			);
			runOnlyForDeploymentPostprocessing = 0;
		};
		6CA3384D1AF163B70069D550 /* Frameworks */ = {
			isa = PBXFrameworksBuildPhase;
			buildActionMask = 2147483647;
			files = (
			);
			runOnlyForDeploymentPostprocessing = 0;
		};
/* End PBXFrameworksBuildPhase section */

/* Begin PBXGroup section */
		6CA338321AF163B70069D550 = {
			isa = PBXGroup;
			children = (
				6CA338601AF164E50069D550 /* Restraint.xcodeproj */,
				6CA3383D1AF163B70069D550 /* Example */,
				6CA338531AF163B70069D550 /* ExampleTests */,
				6CA3383C1AF163B70069D550 /* Products */,
			);
			sourceTree = "<group>";
		};
		6CA3383C1AF163B70069D550 /* Products */ = {
			isa = PBXGroup;
			children = (
				6CA3383B1AF163B70069D550 /* Example.app */,
				6CA338501AF163B70069D550 /* ExampleTests.xctest */,
			);
			name = Products;
			sourceTree = "<group>";
		};
		6CA3383D1AF163B70069D550 /* Example */ = {
			isa = PBXGroup;
			children = (
				6CA338401AF163B70069D550 /* AppDelegate.swift */,
				6CA338421AF163B70069D550 /* ViewController.swift */,
				6CA338691AF16C550069D550 /* View.swift */,
				6CA338471AF163B70069D550 /* Images.xcassets */,
				6CA338491AF163B70069D550 /* LaunchScreen.xib */,
				6CA3383E1AF163B70069D550 /* Supporting Files */,
			);
			path = Example;
			sourceTree = "<group>";
		};
		6CA3383E1AF163B70069D550 /* Supporting Files */ = {
			isa = PBXGroup;
			children = (
				6CA3383F1AF163B70069D550 /* Info.plist */,
			);
			name = "Supporting Files";
			sourceTree = "<group>";
		};
		6CA338531AF163B70069D550 /* ExampleTests */ = {
			isa = PBXGroup;
			children = (
				6CA338561AF163B70069D550 /* ExampleTests.swift */,
				6CA338541AF163B70069D550 /* Supporting Files */,
			);
			path = ExampleTests;
			sourceTree = "<group>";
		};
		6CA338541AF163B70069D550 /* Supporting Files */ = {
			isa = PBXGroup;
			children = (
				6CA338551AF163B70069D550 /* Info.plist */,
			);
			name = "Supporting Files";
			sourceTree = "<group>";
		};
		6CA338611AF164E50069D550 /* Products */ = {
			isa = PBXGroup;
			children = (
				6CA338661AF164E50069D550 /* Restraint.framework */,
				6CA338681AF164E50069D550 /* RestraintTests.xctest */,
			);
			name = Products;
			sourceTree = "<group>";
		};
/* End PBXGroup section */

/* Begin PBXNativeTarget section */
		6CA3383A1AF163B70069D550 /* Example */ = {
			isa = PBXNativeTarget;
			buildConfigurationList = 6CA3385A1AF163B70069D550 /* Build configuration list for PBXNativeTarget "Example" */;
			buildPhases = (
				6CA338371AF163B70069D550 /* Sources */,
				6CA338381AF163B70069D550 /* Frameworks */,
				6CA338391AF163B70069D550 /* Resources */,
				6CA338741AF16F370069D550 /* Embed Frameworks */,
			);
			buildRules = (
			);
			dependencies = (
				6CA338731AF16F370069D550 /* PBXTargetDependency */,
			);
			name = Example;
			productName = Example;
			productReference = 6CA3383B1AF163B70069D550 /* Example.app */;
			productType = "com.apple.product-type.application";
		};
		6CA3384F1AF163B70069D550 /* ExampleTests */ = {
			isa = PBXNativeTarget;
			buildConfigurationList = 6CA3385D1AF163B70069D550 /* Build configuration list for PBXNativeTarget "ExampleTests" */;
			buildPhases = (
				6CA3384C1AF163B70069D550 /* Sources */,
				6CA3384D1AF163B70069D550 /* Frameworks */,
				6CA3384E1AF163B70069D550 /* Resources */,
			);
			buildRules = (
			);
			dependencies = (
				6CA338521AF163B70069D550 /* PBXTargetDependency */,
			);
			name = ExampleTests;
			productName = ExampleTests;
			productReference = 6CA338501AF163B70069D550 /* ExampleTests.xctest */;
			productType = "com.apple.product-type.bundle.unit-test";
		};
/* End PBXNativeTarget section */

/* Begin PBXProject section */
		6CA338331AF163B70069D550 /* Project object */ = {
			isa = PBXProject;
			attributes = {
				LastSwiftMigration = 0700;
				LastSwiftUpdateCheck = 0700;
				LastUpgradeCheck = 0700;
				ORGANIZATIONNAME = "Puffin Supply";
				TargetAttributes = {
					6CA3383A1AF163B70069D550 = {
						CreatedOnToolsVersion = 6.3;
						LastSwiftMigration = 0800;
					};
					6CA3384F1AF163B70069D550 = {
						CreatedOnToolsVersion = 6.3;
						LastSwiftMigration = 0800;
						TestTargetID = 6CA3383A1AF163B70069D550;
					};
				};
			};
			buildConfigurationList = 6CA338361AF163B70069D550 /* Build configuration list for PBXProject "Example" */;
			compatibilityVersion = "Xcode 3.2";
			developmentRegion = English;
			hasScannedForEncodings = 0;
			knownRegions = (
				en,
				Base,
			);
			mainGroup = 6CA338321AF163B70069D550;
			productRefGroup = 6CA3383C1AF163B70069D550 /* Products */;
			projectDirPath = "";
			projectReferences = (
				{
					ProductGroup = 6CA338611AF164E50069D550 /* Products */;
					ProjectRef = 6CA338601AF164E50069D550 /* Restraint.xcodeproj */;
				},
			);
			projectRoot = "";
			targets = (
				6CA3383A1AF163B70069D550 /* Example */,
				6CA3384F1AF163B70069D550 /* ExampleTests */,
			);
		};
/* End PBXProject section */

/* Begin PBXReferenceProxy section */
		6CA338661AF164E50069D550 /* Restraint.framework */ = {
			isa = PBXReferenceProxy;
			fileType = wrapper.framework;
			path = Restraint.framework;
			remoteRef = 6CA338651AF164E50069D550 /* PBXContainerItemProxy */;
			sourceTree = BUILT_PRODUCTS_DIR;
		};
		6CA338681AF164E50069D550 /* RestraintTests.xctest */ = {
			isa = PBXReferenceProxy;
			fileType = wrapper.cfbundle;
			path = RestraintTests.xctest;
			remoteRef = 6CA338671AF164E50069D550 /* PBXContainerItemProxy */;
			sourceTree = BUILT_PRODUCTS_DIR;
		};
/* End PBXReferenceProxy section */

/* Begin PBXResourcesBuildPhase section */
		6CA338391AF163B70069D550 /* Resources */ = {
			isa = PBXResourcesBuildPhase;
			buildActionMask = 2147483647;
			files = (
				6CA3384B1AF163B70069D550 /* LaunchScreen.xib in Resources */,
				6CA338481AF163B70069D550 /* Images.xcassets in Resources */,
			);
			runOnlyForDeploymentPostprocessing = 0;
		};
		6CA3384E1AF163B70069D550 /* Resources */ = {
			isa = PBXResourcesBuildPhase;
			buildActionMask = 2147483647;
			files = (
			);
			runOnlyForDeploymentPostprocessing = 0;
		};
/* End PBXResourcesBuildPhase section */

/* Begin PBXSourcesBuildPhase section */
		6CA338371AF163B70069D550 /* Sources */ = {
			isa = PBXSourcesBuildPhase;
			buildActionMask = 2147483647;
			files = (
				6CA338431AF163B70069D550 /* ViewController.swift in Sources */,
				6CA338411AF163B70069D550 /* AppDelegate.swift in Sources */,
				6CA3386A1AF16C550069D550 /* View.swift in Sources */,
			);
			runOnlyForDeploymentPostprocessing = 0;
		};
		6CA3384C1AF163B70069D550 /* Sources */ = {
			isa = PBXSourcesBuildPhase;
			buildActionMask = 2147483647;
			files = (
				6CA338571AF163B70069D550 /* ExampleTests.swift in Sources */,
			);
			runOnlyForDeploymentPostprocessing = 0;
		};
/* End PBXSourcesBuildPhase section */

/* Begin PBXTargetDependency section */
		6CA338521AF163B70069D550 /* PBXTargetDependency */ = {
			isa = PBXTargetDependency;
			target = 6CA3383A1AF163B70069D550 /* Example */;
			targetProxy = 6CA338511AF163B70069D550 /* PBXContainerItemProxy */;
		};
		6CA338731AF16F370069D550 /* PBXTargetDependency */ = {
			isa = PBXTargetDependency;
			name = Restraint;
			targetProxy = 6CA338721AF16F370069D550 /* PBXContainerItemProxy */;
		};
/* End PBXTargetDependency section */

/* Begin PBXVariantGroup section */
		6CA338491AF163B70069D550 /* LaunchScreen.xib */ = {
			isa = PBXVariantGroup;
			children = (
				6CA3384A1AF163B70069D550 /* Base */,
			);
			name = LaunchScreen.xib;
			sourceTree = "<group>";
		};
/* End PBXVariantGroup section */

/* Begin XCBuildConfiguration section */
		6CA338581AF163B70069D550 /* Debug */ = {
			isa = XCBuildConfiguration;
			buildSettings = {
				ALWAYS_SEARCH_USER_PATHS = NO;
				CLANG_CXX_LANGUAGE_STANDARD = "gnu++0x";
				CLANG_CXX_LIBRARY = "libc++";
				CLANG_ENABLE_MODULES = YES;
				CLANG_ENABLE_OBJC_ARC = YES;
				CLANG_WARN_BOOL_CONVERSION = YES;
				CLANG_WARN_CONSTANT_CONVERSION = YES;
				CLANG_WARN_DIRECT_OBJC_ISA_USAGE = YES_ERROR;
				CLANG_WARN_EMPTY_BODY = YES;
				CLANG_WARN_ENUM_CONVERSION = YES;
				CLANG_WARN_INT_CONVERSION = YES;
				CLANG_WARN_OBJC_ROOT_CLASS = YES_ERROR;
				CLANG_WARN_UNREACHABLE_CODE = YES;
				CLANG_WARN__DUPLICATE_METHOD_MATCH = YES;
				"CODE_SIGN_IDENTITY[sdk=iphoneos*]" = "iPhone Developer";
				COPY_PHASE_STRIP = NO;
				DEBUG_INFORMATION_FORMAT = "dwarf-with-dsym";
				ENABLE_STRICT_OBJC_MSGSEND = YES;
				ENABLE_TESTABILITY = YES;
				GCC_C_LANGUAGE_STANDARD = gnu99;
				GCC_DYNAMIC_NO_PIC = NO;
				GCC_NO_COMMON_BLOCKS = YES;
				GCC_OPTIMIZATION_LEVEL = 0;
				GCC_PREPROCESSOR_DEFINITIONS = (
					"DEBUG=1",
					"$(inherited)",
				);
				GCC_SYMBOLS_PRIVATE_EXTERN = NO;
				GCC_WARN_64_TO_32_BIT_CONVERSION = YES;
				GCC_WARN_ABOUT_RETURN_TYPE = YES_ERROR;
				GCC_WARN_UNDECLARED_SELECTOR = YES;
				GCC_WARN_UNINITIALIZED_AUTOS = YES_AGGRESSIVE;
				GCC_WARN_UNUSED_FUNCTION = YES;
				GCC_WARN_UNUSED_VARIABLE = YES;
				IPHONEOS_DEPLOYMENT_TARGET = 8.0;
				MTL_ENABLE_DEBUG_INFO = YES;
				ONLY_ACTIVE_ARCH = YES;
				SDKROOT = iphoneos;
				SWIFT_OPTIMIZATION_LEVEL = "-Onone";
			};
			name = Debug;
		};
		6CA338591AF163B70069D550 /* Release */ = {
			isa = XCBuildConfiguration;
			buildSettings = {
				ALWAYS_SEARCH_USER_PATHS = NO;
				CLANG_CXX_LANGUAGE_STANDARD = "gnu++0x";
				CLANG_CXX_LIBRARY = "libc++";
				CLANG_ENABLE_MODULES = YES;
				CLANG_ENABLE_OBJC_ARC = YES;
				CLANG_WARN_BOOL_CONVERSION = YES;
				CLANG_WARN_CONSTANT_CONVERSION = YES;
				CLANG_WARN_DIRECT_OBJC_ISA_USAGE = YES_ERROR;
				CLANG_WARN_EMPTY_BODY = YES;
				CLANG_WARN_ENUM_CONVERSION = YES;
				CLANG_WARN_INT_CONVERSION = YES;
				CLANG_WARN_OBJC_ROOT_CLASS = YES_ERROR;
				CLANG_WARN_UNREACHABLE_CODE = YES;
				CLANG_WARN__DUPLICATE_METHOD_MATCH = YES;
				"CODE_SIGN_IDENTITY[sdk=iphoneos*]" = "iPhone Developer";
				COPY_PHASE_STRIP = NO;
				DEBUG_INFORMATION_FORMAT = "dwarf-with-dsym";
				ENABLE_NS_ASSERTIONS = NO;
				ENABLE_STRICT_OBJC_MSGSEND = YES;
				GCC_C_LANGUAGE_STANDARD = gnu99;
				GCC_NO_COMMON_BLOCKS = YES;
				GCC_WARN_64_TO_32_BIT_CONVERSION = YES;
				GCC_WARN_ABOUT_RETURN_TYPE = YES_ERROR;
				GCC_WARN_UNDECLARED_SELECTOR = YES;
				GCC_WARN_UNINITIALIZED_AUTOS = YES_AGGRESSIVE;
				GCC_WARN_UNUSED_FUNCTION = YES;
				GCC_WARN_UNUSED_VARIABLE = YES;
				IPHONEOS_DEPLOYMENT_TARGET = 8.0;
				MTL_ENABLE_DEBUG_INFO = NO;
				SDKROOT = iphoneos;
				VALIDATE_PRODUCT = YES;
			};
			name = Release;
		};
		6CA3385B1AF163B70069D550 /* Debug */ = {
			isa = XCBuildConfiguration;
			buildSettings = {
				ASSETCATALOG_COMPILER_APPICON_NAME = AppIcon;
				INFOPLIST_FILE = Example/Info.plist;
				LD_RUNPATH_SEARCH_PATHS = "$(inherited) @executable_path/Frameworks";
				PRODUCT_BUNDLE_IDENTIFIER = "supply.puffin.$(PRODUCT_NAME:rfc1034identifier)";
				PRODUCT_NAME = "$(TARGET_NAME)";
				SWIFT_VERSION = 3.0;
			};
			name = Debug;
		};
		6CA3385C1AF163B70069D550 /* Release */ = {
			isa = XCBuildConfiguration;
			buildSettings = {
				ASSETCATALOG_COMPILER_APPICON_NAME = AppIcon;
				INFOPLIST_FILE = Example/Info.plist;
				LD_RUNPATH_SEARCH_PATHS = "$(inherited) @executable_path/Frameworks";
				PRODUCT_BUNDLE_IDENTIFIER = "supply.puffin.$(PRODUCT_NAME:rfc1034identifier)";
				PRODUCT_NAME = "$(TARGET_NAME)";
				SWIFT_VERSION = 3.0;
			};
			name = Release;
		};
		6CA3385E1AF163B70069D550 /* Debug */ = {
			isa = XCBuildConfiguration;
			buildSettings = {
				BUNDLE_LOADER = "$(TEST_HOST)";
				FRAMEWORK_SEARCH_PATHS = (
					"$(SDKROOT)/Developer/Library/Frameworks",
					"$(inherited)",
				);
				GCC_PREPROCESSOR_DEFINITIONS = (
					"DEBUG=1",
					"$(inherited)",
				);
				INFOPLIST_FILE = ExampleTests/Info.plist;
				LD_RUNPATH_SEARCH_PATHS = "$(inherited) @executable_path/Frameworks @loader_path/Frameworks";
				PRODUCT_BUNDLE_IDENTIFIER = "supply.puffin.$(PRODUCT_NAME:rfc1034identifier)";
				PRODUCT_NAME = "$(TARGET_NAME)";
				SWIFT_VERSION = 3.0;
				TEST_HOST = "$(BUILT_PRODUCTS_DIR)/Example.app/Example";
			};
			name = Debug;
		};
		6CA3385F1AF163B70069D550 /* Release */ = {
			isa = XCBuildConfiguration;
			buildSettings = {
				BUNDLE_LOADER = "$(TEST_HOST)";
				FRAMEWORK_SEARCH_PATHS = (
					"$(SDKROOT)/Developer/Library/Frameworks",
					"$(inherited)",
				);
				INFOPLIST_FILE = ExampleTests/Info.plist;
				LD_RUNPATH_SEARCH_PATHS = "$(inherited) @executable_path/Frameworks @loader_path/Frameworks";
				PRODUCT_BUNDLE_IDENTIFIER = "supply.puffin.$(PRODUCT_NAME:rfc1034identifier)";
				PRODUCT_NAME = "$(TARGET_NAME)";
				SWIFT_VERSION = 3.0;
				TEST_HOST = "$(BUILT_PRODUCTS_DIR)/Example.app/Example";
			};
			name = Release;
		};
/* End XCBuildConfiguration section */

/* Begin XCConfigurationList section */
		6CA338361AF163B70069D550 /* Build configuration list for PBXProject "Example" */ = {
			isa = XCConfigurationList;
			buildConfigurations = (
				6CA338581AF163B70069D550 /* Debug */,
				6CA338591AF163B70069D550 /* Release */,
			);
			defaultConfigurationIsVisible = 0;
			defaultConfigurationName = Release;
		};
		6CA3385A1AF163B70069D550 /* Build configuration list for PBXNativeTarget "Example" */ = {
			isa = XCConfigurationList;
			buildConfigurations = (
				6CA3385B1AF163B70069D550 /* Debug */,
				6CA3385C1AF163B70069D550 /* Release */,
			);
			defaultConfigurationIsVisible = 0;
			defaultConfigurationName = Release;
		};
		6CA3385D1AF163B70069D550 /* Build configuration list for PBXNativeTarget "ExampleTests" */ = {
			isa = XCConfigurationList;
			buildConfigurations = (
				6CA3385E1AF163B70069D550 /* Debug */,
				6CA3385F1AF163B70069D550 /* Release */,
			);
			defaultConfigurationIsVisible = 0;
			defaultConfigurationName = Release;
		};
/* End XCConfigurationList section */
	};
	rootObject = 6CA338331AF163B70069D550 /* Project object */;
}
